// !$*UTF8*$!
{
	archiveVersion = 1;
	classes = {
	};
	objectVersion = 50;
	objects = {

/* Begin PBXBuildFile section */
		1C0E0B962201951C00D5C608 /* SZRWLock.m in Sources */ = {isa = PBXBuildFile; fileRef = 1C0E0B932201951C00D5C608 /* SZRWLock.m */; };
		1C0E0B972201951C00D5C608 /* SZRWLockTest.m in Sources */ = {isa = PBXBuildFile; fileRef = 1C0E0B942201951C00D5C608 /* SZRWLockTest.m */; };
		1CBE71CB21F57AE700387345 /* AppDelegate.m in Sources */ = {isa = PBXBuildFile; fileRef = 1CBE71CA21F57AE700387345 /* AppDelegate.m */; };
		1CBE71CE21F57AE700387345 /* ViewController.m in Sources */ = {isa = PBXBuildFile; fileRef = 1CBE71CD21F57AE700387345 /* ViewController.m */; };
		1CBE71D321F57AE900387345 /* Assets.xcassets in Resources */ = {isa = PBXBuildFile; fileRef = 1CBE71D221F57AE900387345 /* Assets.xcassets */; };
		1CBE71D921F57AE900387345 /* main.m in Sources */ = {isa = PBXBuildFile; fileRef = 1CBE71D821F57AE900387345 /* main.m */; };
		1CBE71E321F57AEA00387345 /* SZBaseTests.m in Sources */ = {isa = PBXBuildFile; fileRef = 1CBE71E221F57AEA00387345 /* SZBaseTests.m */; };
		1CBE71EE21F57AEA00387345 /* SZBaseUITests.m in Sources */ = {isa = PBXBuildFile; fileRef = 1CBE71ED21F57AEA00387345 /* SZBaseUITests.m */; };
		1CBE720621F5C07900387345 /* SZEasyUrlRouter.m in Sources */ = {isa = PBXBuildFile; fileRef = 1CBE71FF21F5C07900387345 /* SZEasyUrlRouter.m */; };
		1CBE720721F5C07900387345 /* SZEasyUrlRouter+Patterns.m in Sources */ = {isa = PBXBuildFile; fileRef = 1CBE720121F5C07900387345 /* SZEasyUrlRouter+Patterns.m */; };
		1CBE720821F5C07900387345 /* SZEasyRouter.m in Sources */ = {isa = PBXBuildFile; fileRef = 1CBE720321F5C07900387345 /* SZEasyRouter.m */; };
		1CBE720921F5C07900387345 /* SZEasyTest.m in Sources */ = {isa = PBXBuildFile; fileRef = 1CBE720521F5C07900387345 /* SZEasyTest.m */; };
		1CBE720B21F5C4CC00387345 /* Launch Screen.storyboard in Resources */ = {isa = PBXBuildFile; fileRef = 1CBE720A21F5C4CC00387345 /* Launch Screen.storyboard */; };
		1CBE720C21F5C4CC00387345 /* Launch Screen.storyboard in Resources */ = {isa = PBXBuildFile; fileRef = 1CBE720A21F5C4CC00387345 /* Launch Screen.storyboard */; };
		1CBE721021F5CA1500387345 /* SZWeekArray.m in Sources */ = {isa = PBXBuildFile; fileRef = 1CBE720F21F5CA1500387345 /* SZWeekArray.m */; };
		1CBE721121F5CA1500387345 /* SZWeekArray.m in Sources */ = {isa = PBXBuildFile; fileRef = 1CBE720F21F5CA1500387345 /* SZWeekArray.m */; };
		1CBE721421F5CA2600387345 /* SZWeekDictionary.m in Sources */ = {isa = PBXBuildFile; fileRef = 1CBE721321F5CA2600387345 /* SZWeekDictionary.m */; };
		1CBE721521F5CA2600387345 /* SZWeekDictionary.m in Sources */ = {isa = PBXBuildFile; fileRef = 1CBE721321F5CA2600387345 /* SZWeekDictionary.m */; };
		1CBE721821F5CA3400387345 /* SZWeekSet.m in Sources */ = {isa = PBXBuildFile; fileRef = 1CBE721721F5CA3400387345 /* SZWeekSet.m */; };
		1CBE721921F5CA3400387345 /* SZWeekSet.m in Sources */ = {isa = PBXBuildFile; fileRef = 1CBE721721F5CA3400387345 /* SZWeekSet.m */; };
		1CBE721C21F5CCB000387345 /* SZWeekPoolTests.m in Sources */ = {isa = PBXBuildFile; fileRef = 1CBE721B21F5CCB000387345 /* SZWeekPoolTests.m */; };
		1CBE721D21F5CCB000387345 /* SZWeekPoolTests.m in Sources */ = {isa = PBXBuildFile; fileRef = 1CBE721B21F5CCB000387345 /* SZWeekPoolTests.m */; };
		1CBE722121F7191400387345 /* SZMultiDelegate.m in Sources */ = {isa = PBXBuildFile; fileRef = 1CBE722021F7191400387345 /* SZMultiDelegate.m */; };
		1CBE722221F7191400387345 /* SZMultiDelegate.m in Sources */ = {isa = PBXBuildFile; fileRef = 1CBE722021F7191400387345 /* SZMultiDelegate.m */; };
/* End PBXBuildFile section */

/* Begin PBXContainerItemProxy section */
		1CBE71DF21F57AEA00387345 /* PBXContainerItemProxy */ = {
			isa = PBXContainerItemProxy;
			containerPortal = 1CBE71BE21F57AE700387345 /* Project object */;
			proxyType = 1;
			remoteGlobalIDString = 1CBE71C521F57AE700387345;
			remoteInfo = SZBase;
		};
		1CBE71EA21F57AEA00387345 /* PBXContainerItemProxy */ = {
			isa = PBXContainerItemProxy;
			containerPortal = 1CBE71BE21F57AE700387345 /* Project object */;
			proxyType = 1;
			remoteGlobalIDString = 1CBE71C521F57AE700387345;
			remoteInfo = SZBase;
		};
/* End PBXContainerItemProxy section */

/* Begin PBXFileReference section */
		1C0E0B922201951C00D5C608 /* SZRWLockTest.h */ = {isa = PBXFileReference; fileEncoding = 4; lastKnownFileType = sourcecode.c.h; path = SZRWLockTest.h; sourceTree = "<group>"; };
		1C0E0B932201951C00D5C608 /* SZRWLock.m */ = {isa = PBXFileReference; fileEncoding = 4; lastKnownFileType = sourcecode.c.objc; path = SZRWLock.m; sourceTree = "<group>"; };
		1C0E0B942201951C00D5C608 /* SZRWLockTest.m */ = {isa = PBXFileReference; fileEncoding = 4; lastKnownFileType = sourcecode.c.objc; path = SZRWLockTest.m; sourceTree = "<group>"; };
		1C0E0B952201951C00D5C608 /* SZRWLock.h */ = {isa = PBXFileReference; fileEncoding = 4; lastKnownFileType = sourcecode.c.h; path = SZRWLock.h; sourceTree = "<group>"; };
		1CBE71C621F57AE700387345 /* SZBase.app */ = {isa = PBXFileReference; explicitFileType = wrapper.application; includeInIndex = 0; path = SZBase.app; sourceTree = BUILT_PRODUCTS_DIR; };
		1CBE71C921F57AE700387345 /* AppDelegate.h */ = {isa = PBXFileReference; lastKnownFileType = sourcecode.c.h; path = AppDelegate.h; sourceTree = "<group>"; };
		1CBE71CA21F57AE700387345 /* AppDelegate.m */ = {isa = PBXFileReference; lastKnownFileType = sourcecode.c.objc; path = AppDelegate.m; sourceTree = "<group>"; };
		1CBE71CC21F57AE700387345 /* ViewController.h */ = {isa = PBXFileReference; lastKnownFileType = sourcecode.c.h; path = ViewController.h; sourceTree = "<group>"; };
		1CBE71CD21F57AE700387345 /* ViewController.m */ = {isa = PBXFileReference; lastKnownFileType = sourcecode.c.objc; path = ViewController.m; sourceTree = "<group>"; };
		1CBE71D221F57AE900387345 /* Assets.xcassets */ = {isa = PBXFileReference; lastKnownFileType = folder.assetcatalog; path = Assets.xcassets; sourceTree = "<group>"; };
		1CBE71D721F57AE900387345 /* Info.plist */ = {isa = PBXFileReference; lastKnownFileType = text.plist.xml; path = Info.plist; sourceTree = "<group>"; };
		1CBE71D821F57AE900387345 /* main.m */ = {isa = PBXFileReference; lastKnownFileType = sourcecode.c.objc; path = main.m; sourceTree = "<group>"; };
		1CBE71DE21F57AEA00387345 /* SZBaseTests.xctest */ = {isa = PBXFileReference; explicitFileType = wrapper.cfbundle; includeInIndex = 0; path = SZBaseTests.xctest; sourceTree = BUILT_PRODUCTS_DIR; };
		1CBE71E221F57AEA00387345 /* SZBaseTests.m */ = {isa = PBXFileReference; lastKnownFileType = sourcecode.c.objc; path = SZBaseTests.m; sourceTree = "<group>"; };
		1CBE71E421F57AEA00387345 /* Info.plist */ = {isa = PBXFileReference; lastKnownFileType = text.plist.xml; path = Info.plist; sourceTree = "<group>"; };
		1CBE71E921F57AEA00387345 /* SZBaseUITests.xctest */ = {isa = PBXFileReference; explicitFileType = wrapper.cfbundle; includeInIndex = 0; path = SZBaseUITests.xctest; sourceTree = BUILT_PRODUCTS_DIR; };
		1CBE71ED21F57AEA00387345 /* SZBaseUITests.m */ = {isa = PBXFileReference; lastKnownFileType = sourcecode.c.objc; path = SZBaseUITests.m; sourceTree = "<group>"; };
		1CBE71EF21F57AEA00387345 /* Info.plist */ = {isa = PBXFileReference; lastKnownFileType = text.plist.xml; path = Info.plist; sourceTree = "<group>"; };
		1CBE71FE21F5C07900387345 /* SZEasyUrlRouter+Patterns.h */ = {isa = PBXFileReference; fileEncoding = 4; lastKnownFileType = sourcecode.c.h; path = "SZEasyUrlRouter+Patterns.h"; sourceTree = "<group>"; };
		1CBE71FF21F5C07900387345 /* SZEasyUrlRouter.m */ = {isa = PBXFileReference; fileEncoding = 4; lastKnownFileType = sourcecode.c.objc; path = SZEasyUrlRouter.m; sourceTree = "<group>"; };
		1CBE720021F5C07900387345 /* SZEasyRouter.h */ = {isa = PBXFileReference; fileEncoding = 4; lastKnownFileType = sourcecode.c.h; path = SZEasyRouter.h; sourceTree = "<group>"; };
		1CBE720121F5C07900387345 /* SZEasyUrlRouter+Patterns.m */ = {isa = PBXFileReference; fileEncoding = 4; lastKnownFileType = sourcecode.c.objc; path = "SZEasyUrlRouter+Patterns.m"; sourceTree = "<group>"; };
		1CBE720221F5C07900387345 /* SZEasyUrlRouter.h */ = {isa = PBXFileReference; fileEncoding = 4; lastKnownFileType = sourcecode.c.h; path = SZEasyUrlRouter.h; sourceTree = "<group>"; };
		1CBE720321F5C07900387345 /* SZEasyRouter.m */ = {isa = PBXFileReference; fileEncoding = 4; lastKnownFileType = sourcecode.c.objc; path = SZEasyRouter.m; sourceTree = "<group>"; };
		1CBE720421F5C07900387345 /* SZEasyTest.h */ = {isa = PBXFileReference; fileEncoding = 4; lastKnownFileType = sourcecode.c.h; path = SZEasyTest.h; sourceTree = "<group>"; };
		1CBE720521F5C07900387345 /* SZEasyTest.m */ = {isa = PBXFileReference; fileEncoding = 4; lastKnownFileType = sourcecode.c.objc; path = SZEasyTest.m; sourceTree = "<group>"; };
		1CBE720A21F5C4CC00387345 /* Launch Screen.storyboard */ = {isa = PBXFileReference; lastKnownFileType = file.storyboard; path = "Launch Screen.storyboard"; sourceTree = "<group>"; };
		1CBE720E21F5CA1500387345 /* SZWeekArray.h */ = {isa = PBXFileReference; lastKnownFileType = sourcecode.c.h; path = SZWeekArray.h; sourceTree = "<group>"; };
		1CBE720F21F5CA1500387345 /* SZWeekArray.m */ = {isa = PBXFileReference; lastKnownFileType = sourcecode.c.objc; path = SZWeekArray.m; sourceTree = "<group>"; };
		1CBE721221F5CA2600387345 /* SZWeekDictionary.h */ = {isa = PBXFileReference; lastKnownFileType = sourcecode.c.h; path = SZWeekDictionary.h; sourceTree = "<group>"; };
		1CBE721321F5CA2600387345 /* SZWeekDictionary.m */ = {isa = PBXFileReference; lastKnownFileType = sourcecode.c.objc; path = SZWeekDictionary.m; sourceTree = "<group>"; };
		1CBE721621F5CA3400387345 /* SZWeekSet.h */ = {isa = PBXFileReference; lastKnownFileType = sourcecode.c.h; path = SZWeekSet.h; sourceTree = "<group>"; };
		1CBE721721F5CA3400387345 /* SZWeekSet.m */ = {isa = PBXFileReference; lastKnownFileType = sourcecode.c.objc; path = SZWeekSet.m; sourceTree = "<group>"; };
		1CBE721A21F5CCB000387345 /* SZWeekPoolTests.h */ = {isa = PBXFileReference; lastKnownFileType = sourcecode.c.h; path = SZWeekPoolTests.h; sourceTree = "<group>"; };
		1CBE721B21F5CCB000387345 /* SZWeekPoolTests.m */ = {isa = PBXFileReference; lastKnownFileType = sourcecode.c.objc; path = SZWeekPoolTests.m; sourceTree = "<group>"; };
		1CBE721F21F7191400387345 /* SZMultiDelegate.h */ = {isa = PBXFileReference; lastKnownFileType = sourcecode.c.h; path = SZMultiDelegate.h; sourceTree = "<group>"; };
		1CBE722021F7191400387345 /* SZMultiDelegate.m */ = {isa = PBXFileReference; lastKnownFileType = sourcecode.c.objc; path = SZMultiDelegate.m; sourceTree = "<group>"; };
/* End PBXFileReference section */

/* Begin PBXFrameworksBuildPhase section */
		1CBE71C321F57AE700387345 /* Frameworks */ = {
			isa = PBXFrameworksBuildPhase;
			buildActionMask = 2147483647;
			files = (
			);
			runOnlyForDeploymentPostprocessing = 0;
		};
		1CBE71DB21F57AEA00387345 /* Frameworks */ = {
			isa = PBXFrameworksBuildPhase;
			buildActionMask = 2147483647;
			files = (
			);
			runOnlyForDeploymentPostprocessing = 0;
		};
		1CBE71E621F57AEA00387345 /* Frameworks */ = {
			isa = PBXFrameworksBuildPhase;
			buildActionMask = 2147483647;
			files = (
			);
			runOnlyForDeploymentPostprocessing = 0;
		};
/* End PBXFrameworksBuildPhase section */

/* Begin PBXGroup section */
		1C0E0B912201951C00D5C608 /* SZRWLock */ = {
			isa = PBXGroup;
			children = (
				1C0E0B952201951C00D5C608 /* SZRWLock.h */,
				1C0E0B932201951C00D5C608 /* SZRWLock.m */,
				1C0E0B922201951C00D5C608 /* SZRWLockTest.h */,
				1C0E0B942201951C00D5C608 /* SZRWLockTest.m */,
			);
			path = SZRWLock;
			sourceTree = "<group>";
		};
		1CBE71BD21F57AE700387345 = {
			isa = PBXGroup;
			children = (
				1CBE71C821F57AE700387345 /* SZBase */,
				1CBE71E121F57AEA00387345 /* SZBaseTests */,
				1CBE71EC21F57AEA00387345 /* SZBaseUITests */,
				1CBE71C721F57AE700387345 /* Products */,
			);
			sourceTree = "<group>";
		};
		1CBE71C721F57AE700387345 /* Products */ = {
			isa = PBXGroup;
			children = (
				1CBE71C621F57AE700387345 /* SZBase.app */,
				1CBE71DE21F57AEA00387345 /* SZBaseTests.xctest */,
				1CBE71E921F57AEA00387345 /* SZBaseUITests.xctest */,
			);
			name = Products;
			sourceTree = "<group>";
		};
		1CBE71C821F57AE700387345 /* SZBase */ = {
			isa = PBXGroup;
			children = (
				1CBE71FB21F5C07900387345 /* Sources */,
				1CBE71C921F57AE700387345 /* AppDelegate.h */,
				1CBE71CA21F57AE700387345 /* AppDelegate.m */,
				1CBE71CC21F57AE700387345 /* ViewController.h */,
				1CBE71CD21F57AE700387345 /* ViewController.m */,
				1CBE71D221F57AE900387345 /* Assets.xcassets */,
				1CBE71D721F57AE900387345 /* Info.plist */,
				1CBE71D821F57AE900387345 /* main.m */,
			);
			path = SZBase;
			sourceTree = "<group>";
		};
		1CBE71E121F57AEA00387345 /* SZBaseTests */ = {
			isa = PBXGroup;
			children = (
				1CBE71E221F57AEA00387345 /* SZBaseTests.m */,
				1CBE71E421F57AEA00387345 /* Info.plist */,
				1CBE720A21F5C4CC00387345 /* Launch Screen.storyboard */,
			);
			path = SZBaseTests;
			sourceTree = "<group>";
		};
		1CBE71EC21F57AEA00387345 /* SZBaseUITests */ = {
			isa = PBXGroup;
			children = (
				1CBE71ED21F57AEA00387345 /* SZBaseUITests.m */,
				1CBE71EF21F57AEA00387345 /* Info.plist */,
			);
			path = SZBaseUITests;
			sourceTree = "<group>";
		};
		1CBE71FB21F5C07900387345 /* Sources */ = {
			isa = PBXGroup;
			children = (
				1C0E0B912201951C00D5C608 /* SZRWLock */,
				1CBE721E21F718F900387345 /* SZMultiDelegate */,
				1CBE720D21F5C70E00387345 /* SZWeekPool */,
				1CBE71FC21F5C07900387345 /* SZEasyRouter */,
			);
			path = Sources;
			sourceTree = "<group>";
		};
		1CBE71FC21F5C07900387345 /* SZEasyRouter */ = {
			isa = PBXGroup;
			children = (
				1CBE71FD21F5C07900387345 /* core */,
				1CBE720421F5C07900387345 /* SZEasyTest.h */,
				1CBE720521F5C07900387345 /* SZEasyTest.m */,
			);
			path = SZEasyRouter;
			sourceTree = "<group>";
		};
		1CBE71FD21F5C07900387345 /* core */ = {
			isa = PBXGroup;
			children = (
				1CBE720021F5C07900387345 /* SZEasyRouter.h */,
				1CBE720321F5C07900387345 /* SZEasyRouter.m */,
				1CBE720221F5C07900387345 /* SZEasyUrlRouter.h */,
				1CBE71FF21F5C07900387345 /* SZEasyUrlRouter.m */,
				1CBE71FE21F5C07900387345 /* SZEasyUrlRouter+Patterns.h */,
				1CBE720121F5C07900387345 /* SZEasyUrlRouter+Patterns.m */,
			);
			path = core;
			sourceTree = "<group>";
		};
		1CBE720D21F5C70E00387345 /* SZWeekPool */ = {
			isa = PBXGroup;
			children = (
				1CBE720E21F5CA1500387345 /* SZWeekArray.h */,
				1CBE720F21F5CA1500387345 /* SZWeekArray.m */,
				1CBE721221F5CA2600387345 /* SZWeekDictionary.h */,
				1CBE721321F5CA2600387345 /* SZWeekDictionary.m */,
				1CBE721621F5CA3400387345 /* SZWeekSet.h */,
				1CBE721721F5CA3400387345 /* SZWeekSet.m */,
				1CBE721A21F5CCB000387345 /* SZWeekPoolTests.h */,
				1CBE721B21F5CCB000387345 /* SZWeekPoolTests.m */,
			);
			path = SZWeekPool;
			sourceTree = "<group>";
		};
		1CBE721E21F718F900387345 /* SZMultiDelegate */ = {
			isa = PBXGroup;
			children = (
				1CBE721F21F7191400387345 /* SZMultiDelegate.h */,
				1CBE722021F7191400387345 /* SZMultiDelegate.m */,
			);
			path = SZMultiDelegate;
			sourceTree = "<group>";
		};
/* End PBXGroup section */

/* Begin PBXNativeTarget section */
		1CBE71C521F57AE700387345 /* SZBase */ = {
			isa = PBXNativeTarget;
			buildConfigurationList = 1CBE71F221F57AEA00387345 /* Build configuration list for PBXNativeTarget "SZBase" */;
			buildPhases = (
				1CBE71C221F57AE700387345 /* Sources */,
				1CBE71C321F57AE700387345 /* Frameworks */,
				1CBE71C421F57AE700387345 /* Resources */,
			);
			buildRules = (
			);
			dependencies = (
			);
			name = SZBase;
			productName = SZBase;
			productReference = 1CBE71C621F57AE700387345 /* SZBase.app */;
			productType = "com.apple.product-type.application";
		};
		1CBE71DD21F57AEA00387345 /* SZBaseTests */ = {
			isa = PBXNativeTarget;
			buildConfigurationList = 1CBE71F521F57AEA00387345 /* Build configuration list for PBXNativeTarget "SZBaseTests" */;
			buildPhases = (
				1CBE71DA21F57AEA00387345 /* Sources */,
				1CBE71DB21F57AEA00387345 /* Frameworks */,
				1CBE71DC21F57AEA00387345 /* Resources */,
			);
			buildRules = (
			);
			dependencies = (
				1CBE71E021F57AEA00387345 /* PBXTargetDependency */,
			);
			name = SZBaseTests;
			productName = SZBaseTests;
			productReference = 1CBE71DE21F57AEA00387345 /* SZBaseTests.xctest */;
			productType = "com.apple.product-type.bundle.unit-test";
		};
		1CBE71E821F57AEA00387345 /* SZBaseUITests */ = {
			isa = PBXNativeTarget;
			buildConfigurationList = 1CBE71F821F57AEA00387345 /* Build configuration list for PBXNativeTarget "SZBaseUITests" */;
			buildPhases = (
				1CBE71E521F57AEA00387345 /* Sources */,
				1CBE71E621F57AEA00387345 /* Frameworks */,
				1CBE71E721F57AEA00387345 /* Resources */,
			);
			buildRules = (
			);
			dependencies = (
				1CBE71EB21F57AEA00387345 /* PBXTargetDependency */,
			);
			name = SZBaseUITests;
			productName = SZBaseUITests;
			productReference = 1CBE71E921F57AEA00387345 /* SZBaseUITests.xctest */;
			productType = "com.apple.product-type.bundle.ui-testing";
		};
/* End PBXNativeTarget section */

/* Begin PBXProject section */
		1CBE71BE21F57AE700387345 /* Project object */ = {
			isa = PBXProject;
			attributes = {
				LastUpgradeCheck = 1010;
				ORGANIZATIONNAME = ChaohuiChen;
				TargetAttributes = {
					1CBE71C521F57AE700387345 = {
						CreatedOnToolsVersion = 10.1;
					};
					1CBE71DD21F57AEA00387345 = {
						CreatedOnToolsVersion = 10.1;
						TestTargetID = 1CBE71C521F57AE700387345;
					};
					1CBE71E821F57AEA00387345 = {
						CreatedOnToolsVersion = 10.1;
						TestTargetID = 1CBE71C521F57AE700387345;
					};
				};
			};
			buildConfigurationList = 1CBE71C121F57AE700387345 /* Build configuration list for PBXProject "SZBase" */;
			compatibilityVersion = "Xcode 9.3";
			developmentRegion = en;
			hasScannedForEncodings = 0;
			knownRegions = (
				en,
				Base,
			);
			mainGroup = 1CBE71BD21F57AE700387345;
			productRefGroup = 1CBE71C721F57AE700387345 /* Products */;
			projectDirPath = "";
			projectRoot = "";
			targets = (
				1CBE71C521F57AE700387345 /* SZBase */,
				1CBE71DD21F57AEA00387345 /* SZBaseTests */,
				1CBE71E821F57AEA00387345 /* SZBaseUITests */,
			);
		};
/* End PBXProject section */

/* Begin PBXResourcesBuildPhase section */
		1CBE71C421F57AE700387345 /* Resources */ = {
			isa = PBXResourcesBuildPhase;
			buildActionMask = 2147483647;
			files = (
				1CBE720B21F5C4CC00387345 /* Launch Screen.storyboard in Resources */,
				1CBE71D321F57AE900387345 /* Assets.xcassets in Resources */,
			);
			runOnlyForDeploymentPostprocessing = 0;
		};
		1CBE71DC21F57AEA00387345 /* Resources */ = {
			isa = PBXResourcesBuildPhase;
			buildActionMask = 2147483647;
			files = (
				1CBE720C21F5C4CC00387345 /* Launch Screen.storyboard in Resources */,
			);
			runOnlyForDeploymentPostprocessing = 0;
		};
		1CBE71E721F57AEA00387345 /* Resources */ = {
			isa = PBXResourcesBuildPhase;
			buildActionMask = 2147483647;
			files = (
			);
			runOnlyForDeploymentPostprocessing = 0;
		};
/* End PBXResourcesBuildPhase section */

/* Begin PBXSourcesBuildPhase section */
		1CBE71C221F57AE700387345 /* Sources */ = {
			isa = PBXSourcesBuildPhase;
			buildActionMask = 2147483647;
			files = (
				1C0E0B962201951C00D5C608 /* SZRWLock.m in Sources */,
				1CBE721021F5CA1500387345 /* SZWeekArray.m in Sources */,
				1CBE721C21F5CCB000387345 /* SZWeekPoolTests.m in Sources */,
				1CBE71CE21F57AE700387345 /* ViewController.m in Sources */,
				1C0E0B972201951C00D5C608 /* SZRWLockTest.m in Sources */,
				1CBE722121F7191400387345 /* SZMultiDelegate.m in Sources */,
				1CBE720821F5C07900387345 /* SZEasyRouter.m in Sources */,
				1CBE721421F5CA2600387345 /* SZWeekDictionary.m in Sources */,
				1CBE720721F5C07900387345 /* SZEasyUrlRouter+Patterns.m in Sources */,
				1CBE721821F5CA3400387345 /* SZWeekSet.m in Sources */,
				1CBE71D921F57AE900387345 /* main.m in Sources */,
				1CBE71CB21F57AE700387345 /* AppDelegate.m in Sources */,
				1CBE720621F5C07900387345 /* SZEasyUrlRouter.m in Sources */,
				1CBE720921F5C07900387345 /* SZEasyTest.m in Sources */,
			);
			runOnlyForDeploymentPostprocessing = 0;
		};
		1CBE71DA21F57AEA00387345 /* Sources */ = {
			isa = PBXSourcesBuildPhase;
			buildActionMask = 2147483647;
			files = (
				1CBE721D21F5CCB000387345 /* SZWeekPoolTests.m in Sources */,
				1CBE721521F5CA2600387345 /* SZWeekDictionary.m in Sources */,
				1CBE721121F5CA1500387345 /* SZWeekArray.m in Sources */,
				1CBE722221F7191400387345 /* SZMultiDelegate.m in Sources */,
				1CBE71E321F57AEA00387345 /* SZBaseTests.m in Sources */,
				1CBE721921F5CA3400387345 /* SZWeekSet.m in Sources */,
			);
			runOnlyForDeploymentPostprocessing = 0;
		};
		1CBE71E521F57AEA00387345 /* Sources */ = {
			isa = PBXSourcesBuildPhase;
			buildActionMask = 2147483647;
			files = (
				1CBE71EE21F57AEA00387345 /* SZBaseUITests.m in Sources */,
			);
			runOnlyForDeploymentPostprocessing = 0;
		};
/* End PBXSourcesBuildPhase section */

/* Begin PBXTargetDependency section */
		1CBE71E021F57AEA00387345 /* PBXTargetDependency */ = {
			isa = PBXTargetDependency;
			target = 1CBE71C521F57AE700387345 /* SZBase */;
			targetProxy = 1CBE71DF21F57AEA00387345 /* PBXContainerItemProxy */;
		};
		1CBE71EB21F57AEA00387345 /* PBXTargetDependency */ = {
			isa = PBXTargetDependency;
			target = 1CBE71C521F57AE700387345 /* SZBase */;
			targetProxy = 1CBE71EA21F57AEA00387345 /* PBXContainerItemProxy */;
		};
/* End PBXTargetDependency section */

/* Begin XCBuildConfiguration section */
		1CBE71F021F57AEA00387345 /* Debug */ = {
			isa = XCBuildConfiguration;
			buildSettings = {
				ALWAYS_SEARCH_USER_PATHS = NO;
				CLANG_ANALYZER_NONNULL = YES;
				CLANG_ANALYZER_NUMBER_OBJECT_CONVERSION = YES_AGGRESSIVE;
				CLANG_CXX_LANGUAGE_STANDARD = "gnu++14";
				CLANG_CXX_LIBRARY = "libc++";
				CLANG_ENABLE_MODULES = YES;
				CLANG_ENABLE_OBJC_ARC = YES;
				CLANG_ENABLE_OBJC_WEAK = YES;
				CLANG_WARN_BLOCK_CAPTURE_AUTORELEASING = YES;
				CLANG_WARN_BOOL_CONVERSION = YES;
				CLANG_WARN_COMMA = YES;
				CLANG_WARN_CONSTANT_CONVERSION = YES;
				CLANG_WARN_DEPRECATED_OBJC_IMPLEMENTATIONS = YES;
				CLANG_WARN_DIRECT_OBJC_ISA_USAGE = YES_ERROR;
				CLANG_WARN_DOCUMENTATION_COMMENTS = YES;
				CLANG_WARN_EMPTY_BODY = YES;
				CLANG_WARN_ENUM_CONVERSION = YES;
				CLANG_WARN_INFINITE_RECURSION = YES;
				CLANG_WARN_INT_CONVERSION = YES;
				CLANG_WARN_NON_LITERAL_NULL_CONVERSION = YES;
				CLANG_WARN_OBJC_IMPLICIT_RETAIN_SELF = YES;
				CLANG_WARN_OBJC_LITERAL_CONVERSION = YES;
				CLANG_WARN_OBJC_ROOT_CLASS = YES_ERROR;
				CLANG_WARN_RANGE_LOOP_ANALYSIS = YES;
				CLANG_WARN_STRICT_PROTOTYPES = YES;
				CLANG_WARN_SUSPICIOUS_MOVE = YES;
				CLANG_WARN_UNGUARDED_AVAILABILITY = YES_AGGRESSIVE;
				CLANG_WARN_UNREACHABLE_CODE = YES;
				CLANG_WARN__DUPLICATE_METHOD_MATCH = YES;
				CODE_SIGN_IDENTITY = "iPhone Developer";
				COPY_PHASE_STRIP = NO;
				DEBUG_INFORMATION_FORMAT = dwarf;
				ENABLE_STRICT_OBJC_MSGSEND = YES;
				ENABLE_TESTABILITY = YES;
				GCC_C_LANGUAGE_STANDARD = gnu11;
				GCC_DYNAMIC_NO_PIC = NO;
				GCC_NO_COMMON_BLOCKS = YES;
				GCC_OPTIMIZATION_LEVEL = 0;
				GCC_PREPROCESSOR_DEFINITIONS = (
					"DEBUG=1",
					"$(inherited)",
				);
				GCC_WARN_64_TO_32_BIT_CONVERSION = YES;
				GCC_WARN_ABOUT_RETURN_TYPE = YES_ERROR;
				GCC_WARN_UNDECLARED_SELECTOR = YES;
				GCC_WARN_UNINITIALIZED_AUTOS = YES_AGGRESSIVE;
				GCC_WARN_UNUSED_FUNCTION = YES;
				GCC_WARN_UNUSED_VARIABLE = YES;
				IPHONEOS_DEPLOYMENT_TARGET = 12.1;
				MTL_ENABLE_DEBUG_INFO = INCLUDE_SOURCE;
				MTL_FAST_MATH = YES;
				ONLY_ACTIVE_ARCH = YES;
				SDKROOT = iphoneos;
			};
			name = Debug;
		};
		1CBE71F121F57AEA00387345 /* Release */ = {
			isa = XCBuildConfiguration;
			buildSettings = {
				ALWAYS_SEARCH_USER_PATHS = NO;
				CLANG_ANALYZER_NONNULL = YES;
				CLANG_ANALYZER_NUMBER_OBJECT_CONVERSION = YES_AGGRESSIVE;
				CLANG_CXX_LANGUAGE_STANDARD = "gnu++14";
				CLANG_CXX_LIBRARY = "libc++";
				CLANG_ENABLE_MODULES = YES;
				CLANG_ENABLE_OBJC_ARC = YES;
				CLANG_ENABLE_OBJC_WEAK = YES;
				CLANG_WARN_BLOCK_CAPTURE_AUTORELEASING = YES;
				CLANG_WARN_BOOL_CONVERSION = YES;
				CLANG_WARN_COMMA = YES;
				CLANG_WARN_CONSTANT_CONVERSION = YES;
				CLANG_WARN_DEPRECATED_OBJC_IMPLEMENTATIONS = YES;
				CLANG_WARN_DIRECT_OBJC_ISA_USAGE = YES_ERROR;
				CLANG_WARN_DOCUMENTATION_COMMENTS = YES;
				CLANG_WARN_EMPTY_BODY = YES;
				CLANG_WARN_ENUM_CONVERSION = YES;
				CLANG_WARN_INFINITE_RECURSION = YES;
				CLANG_WARN_INT_CONVERSION = YES;
				CLANG_WARN_NON_LITERAL_NULL_CONVERSION = YES;
				CLANG_WARN_OBJC_IMPLICIT_RETAIN_SELF = YES;
				CLANG_WARN_OBJC_LITERAL_CONVERSION = YES;
				CLANG_WARN_OBJC_ROOT_CLASS = YES_ERROR;
				CLANG_WARN_RANGE_LOOP_ANALYSIS = YES;
				CLANG_WARN_STRICT_PROTOTYPES = YES;
				CLANG_WARN_SUSPICIOUS_MOVE = YES;
				CLANG_WARN_UNGUARDED_AVAILABILITY = YES_AGGRESSIVE;
				CLANG_WARN_UNREACHABLE_CODE = YES;
				CLANG_WARN__DUPLICATE_METHOD_MATCH = YES;
				CODE_SIGN_IDENTITY = "iPhone Developer";
				COPY_PHASE_STRIP = NO;
				DEBUG_INFORMATION_FORMAT = "dwarf-with-dsym";
				ENABLE_NS_ASSERTIONS = NO;
				ENABLE_STRICT_OBJC_MSGSEND = YES;
				GCC_C_LANGUAGE_STANDARD = gnu11;
				GCC_NO_COMMON_BLOCKS = YES;
				GCC_WARN_64_TO_32_BIT_CONVERSION = YES;
				GCC_WARN_ABOUT_RETURN_TYPE = YES_ERROR;
				GCC_WARN_UNDECLARED_SELECTOR = YES;
				GCC_WARN_UNINITIALIZED_AUTOS = YES_AGGRESSIVE;
				GCC_WARN_UNUSED_FUNCTION = YES;
				GCC_WARN_UNUSED_VARIABLE = YES;
				IPHONEOS_DEPLOYMENT_TARGET = 12.1;
				MTL_ENABLE_DEBUG_INFO = NO;
				MTL_FAST_MATH = YES;
				SDKROOT = iphoneos;
				VALIDATE_PRODUCT = YES;
			};
			name = Release;
		};
		1CBE71F321F57AEA00387345 /* Debug */ = {
			isa = XCBuildConfiguration;
			buildSettings = {
				ASSETCATALOG_COMPILER_APPICON_NAME = AppIcon;
				CODE_SIGN_STYLE = Automatic;
				INFOPLIST_FILE = SZBase/Info.plist;
				IPHONEOS_DEPLOYMENT_TARGET = 9.0;
				LD_RUNPATH_SEARCH_PATHS = (
					"$(inherited)",
					"@executable_path/Frameworks",
				);
				PRODUCT_BUNDLE_IDENTIFIER = com.SZBase;
				PRODUCT_NAME = "$(TARGET_NAME)";
				TARGETED_DEVICE_FAMILY = "1,2";
			};
			name = Debug;
		};
		1CBE71F421F57AEA00387345 /* Release */ = {
			isa = XCBuildConfiguration;
			buildSettings = {
				ASSETCATALOG_COMPILER_APPICON_NAME = AppIcon;
				CODE_SIGN_STYLE = Automatic;
				INFOPLIST_FILE = SZBase/Info.plist;
				IPHONEOS_DEPLOYMENT_TARGET = 9.0;
				LD_RUNPATH_SEARCH_PATHS = (
					"$(inherited)",
					"@executable_path/Frameworks",
				);
				PRODUCT_BUNDLE_IDENTIFIER = com.SZBase;
				PRODUCT_NAME = "$(TARGET_NAME)";
				TARGETED_DEVICE_FAMILY = "1,2";
			};
			name = Release;
		};
		1CBE71F621F57AEA00387345 /* Debug */ = {
			isa = XCBuildConfiguration;
			buildSettings = {
				BUNDLE_LOADER = "$(TEST_HOST)";
				CODE_SIGN_STYLE = Automatic;
				INFOPLIST_FILE = SZBaseTests/Info.plist;
				LD_RUNPATH_SEARCH_PATHS = (
					"$(inherited)",
					"@executable_path/Frameworks",
					"@loader_path/Frameworks",
				);
				PRODUCT_BUNDLE_IDENTIFIER = com.SZBaseTests;
				PRODUCT_NAME = "$(TARGET_NAME)";
				TARGETED_DEVICE_FAMILY = "1,2";
				TEST_HOST = "$(BUILT_PRODUCTS_DIR)/SZBase.app/SZBase";
			};
			name = Debug;
		};
		1CBE71F721F57AEA00387345 /* Release */ = {
			isa = XCBuildConfiguration;
			buildSettings = {
				BUNDLE_LOADER = "$(TEST_HOST)";
				CODE_SIGN_STYLE = Automatic;
				INFOPLIST_FILE = SZBaseTests/Info.plist;
				LD_RUNPATH_SEARCH_PATHS = (
					"$(inherited)",
					"@executable_path/Frameworks",
					"@loader_path/Frameworks",
				);
				PRODUCT_BUNDLE_IDENTIFIER = com.SZBaseTests;
				PRODUCT_NAME = "$(TARGET_NAME)";
				TARGETED_DEVICE_FAMILY = "1,2";
				TEST_HOST = "$(BUILT_PRODUCTS_DIR)/SZBase.app/SZBase";
			};
			name = Release;
		};
		1CBE71F921F57AEA00387345 /* Debug */ = {
			isa = XCBuildConfiguration;
			buildSettings = {
				CODE_SIGN_STYLE = Automatic;
				INFOPLIST_FILE = SZBaseUITests/Info.plist;
				LD_RUNPATH_SEARCH_PATHS = (
					"$(inherited)",
					"@executable_path/Frameworks",
					"@loader_path/Frameworks",
				);
				PRODUCT_BUNDLE_IDENTIFIER = com.SZBaseUITests;
				PRODUCT_NAME = "$(TARGET_NAME)";
				TARGETED_DEVICE_FAMILY = "1,2";
				TEST_TARGET_NAME = SZBase;
			};
			name = Debug;
		};
		1CBE71FA21F57AEA00387345 /* Release */ = {
			isa = XCBuildConfiguration;
			buildSettings = {
				CODE_SIGN_STYLE = Automatic;
				INFOPLIST_FILE = SZBaseUITests/Info.plist;
				LD_RUNPATH_SEARCH_PATHS = (
					"$(inherited)",
					"@executable_path/Frameworks",
					"@loader_path/Frameworks",
				);
				PRODUCT_BUNDLE_IDENTIFIER = com.SZBaseUITests;
				PRODUCT_NAME = "$(TARGET_NAME)";
				TARGETED_DEVICE_FAMILY = "1,2";
				TEST_TARGET_NAME = SZBase;
			};
			name = Release;
		};
/* End XCBuildConfiguration section */

/* Begin XCConfigurationList section */
		1CBE71C121F57AE700387345 /* Build configuration list for PBXProject "SZBase" */ = {
			isa = XCConfigurationList;
			buildConfigurations = (
				1CBE71F021F57AEA00387345 /* Debug */,
				1CBE71F121F57AEA00387345 /* Release */,
			);
			defaultConfigurationIsVisible = 0;
			defaultConfigurationName = Release;
		};
		1CBE71F221F57AEA00387345 /* Build configuration list for PBXNativeTarget "SZBase" */ = {
			isa = XCConfigurationList;
			buildConfigurations = (
				1CBE71F321F57AEA00387345 /* Debug */,
				1CBE71F421F57AEA00387345 /* Release */,
			);
			defaultConfigurationIsVisible = 0;
			defaultConfigurationName = Release;
		};
		1CBE71F521F57AEA00387345 /* Build configuration list for PBXNativeTarget "SZBaseTests" */ = {
			isa = XCConfigurationList;
			buildConfigurations = (
				1CBE71F621F57AEA00387345 /* Debug */,
				1CBE71F721F57AEA00387345 /* Release */,
			);
			defaultConfigurationIsVisible = 0;
			defaultConfigurationName = Release;
		};
		1CBE71F821F57AEA00387345 /* Build configuration list for PBXNativeTarget "SZBaseUITests" */ = {
			isa = XCConfigurationList;
			buildConfigurations = (
				1CBE71F921F57AEA00387345 /* Debug */,
				1CBE71FA21F57AEA00387345 /* Release */,
			);
			defaultConfigurationIsVisible = 0;
			defaultConfigurationName = Release;
		};
/* End XCConfigurationList section */
	};
	rootObject = 1CBE71BE21F57AE700387345 /* Project object */;
}
